EITAS_IDENTITY_CORE_PATCH_BASE_COMMIT=6c73e3027811d9c7b22683edd825e839272e9547
EITAS_IDENTITY_CORE_PATCH_FILE_COUNT=15
EITAS_IDENTITY_CORE_PATCH_SHA256=18cfbaa38a305aa5fb590c585a2155f2506d490800a80c469d9edbe771f4aaf9
EITAS_IDENTITY_CORE_PATCH_MANIFEST_SHA256=7400ca1cc3ca00505c8500b52a9f057650fed037c5d7ff1b99f71f7e159b5edc
