EITAS_IDENTITY_UPSTREAM_NAME=Keycloak
EITAS_IDENTITY_UPSTREAM_URL=https://github.com/keycloak/keycloak.git
EITAS_IDENTITY_UPSTREAM_TAG=26.7.0
EITAS_IDENTITY_UPSTREAM_COMMIT=6c73e3027811d9c7b22683edd825e839272e9547
EITAS_IDENTITY_SOURCE_DIRECTORY=/opt/eitas-identity/source/keycloak
EITAS_IDENTITY_SOURCE_FETCHED_AT=2026-07-18T22:16:53+02:00
EITAS_IDENTITY_PATCH_POLICY=minimal-core-changes
